// !$*UTF8*$!
{
	archiveVersion = 1;
	classes = {
	};
	objectVersion = 46;
	objects = {

/* Begin PBXBuildFile section */
		590415A213FC19DC00621782 /* UIKit.framework in Frameworks */ = {isa = PBXBuildFile; fileRef = 590415A113FC19DC00621782 /* UIKit.framework */; };
		590415A413FC19DC00621782 /* Foundation.framework in Frameworks */ = {isa = PBXBuildFile; fileRef = 590415A313FC19DC00621782 /* Foundation.framework */; };
		590415A613FC19DC00621782 /* CoreGraphics.framework in Frameworks */ = {isa = PBXBuildFile; fileRef = 590415A513FC19DC00621782 /* CoreGraphics.framework */; };
		590415AC13FC19DC00621782 /* InfoPlist.strings in Resources */ = {isa = PBXBuildFile; fileRef = 590415AA13FC19DC00621782 /* InfoPlist.strings */; };
		590415AE13FC19DC00621782 /* main.m in Sources */ = {isa = PBXBuildFile; fileRef = 590415AD13FC19DC00621782 /* main.m */; };
		590415B213FC19DC00621782 /* Cambridge_Library_SearchAppDelegate.m in Sources */ = {isa = PBXBuildFile; fileRef = 590415B113FC19DC00621782 /* Cambridge_Library_SearchAppDelegate.m */; };
		590415B513FC19DC00621782 /* MainWindow.xib in Resources */ = {isa = PBXBuildFile; fileRef = 590415B313FC19DC00621782 /* MainWindow.xib */; };
		590415B813FC19DC00621782 /* Cambridge_Library_SearchViewController.m in Sources */ = {isa = PBXBuildFile; fileRef = 590415B713FC19DC00621782 /* Cambridge_Library_SearchViewController.m */; };
		590415BB13FC19DC00621782 /* Cambridge_Library_SearchViewController.xib in Resources */ = {isa = PBXBuildFile; fileRef = 590415B913FC19DC00621782 /* Cambridge_Library_SearchViewController.xib */; };
		590415C313FC19DC00621782 /* SenTestingKit.framework in Frameworks */ = {isa = PBXBuildFile; fileRef = 590415C213FC19DC00621782 /* SenTestingKit.framework */; };
		590415C413FC19DC00621782 /* UIKit.framework in Frameworks */ = {isa = PBXBuildFile; fileRef = 590415A113FC19DC00621782 /* UIKit.framework */; };
		590415C513FC19DC00621782 /* Foundation.framework in Frameworks */ = {isa = PBXBuildFile; fileRef = 590415A313FC19DC00621782 /* Foundation.framework */; };
		590415C613FC19DC00621782 /* CoreGraphics.framework in Frameworks */ = {isa = PBXBuildFile; fileRef = 590415A513FC19DC00621782 /* CoreGraphics.framework */; };
		590415CE13FC19DC00621782 /* InfoPlist.strings in Resources */ = {isa = PBXBuildFile; fileRef = 590415CC13FC19DC00621782 /* InfoPlist.strings */; };
		590415D013FC19DC00621782 /* Cambridge_Library_SearchTests.h in Resources */ = {isa = PBXBuildFile; fileRef = 590415CF13FC19DC00621782 /* Cambridge_Library_SearchTests.h */; };
		590415D213FC19DC00621782 /* Cambridge_Library_SearchTests.m in Sources */ = {isa = PBXBuildFile; fileRef = 590415D113FC19DC00621782 /* Cambridge_Library_SearchTests.m */; };
		5906C05613FC6E8C00F04A73 /* Entry.m in Sources */ = {isa = PBXBuildFile; fileRef = 5906C05513FC6E8C00F04A73 /* Entry.m */; };
		5906C05713FC6E8C00F04A73 /* Entry.m in Sources */ = {isa = PBXBuildFile; fileRef = 5906C05513FC6E8C00F04A73 /* Entry.m */; };
		5945D7FF13FE911300A6EEE7 /* EntryView_Group.m in Sources */ = {isa = PBXBuildFile; fileRef = 5945D7FD13FE911300A6EEE7 /* EntryView_Group.m */; };
		5945D80013FE911300A6EEE7 /* EntryView_Group.xib in Resources */ = {isa = PBXBuildFile; fileRef = 5945D7FE13FE911300A6EEE7 /* EntryView_Group.xib */; };
		59504E6213FD464F00239970 /* SearchResultsViewController.m in Sources */ = {isa = PBXBuildFile; fileRef = 59504E6013FD464F00239970 /* SearchResultsViewController.m */; };
		59504E6313FD464F00239970 /* SearchResultsViewController.m in Sources */ = {isa = PBXBuildFile; fileRef = 59504E6013FD464F00239970 /* SearchResultsViewController.m */; };
		59504E6413FD464F00239970 /* SearchResultsViewController.xib in Resources */ = {isa = PBXBuildFile; fileRef = 59504E6113FD464F00239970 /* SearchResultsViewController.xib */; };
		59504E6513FD464F00239970 /* SearchResultsViewController.xib in Resources */ = {isa = PBXBuildFile; fileRef = 59504E6113FD464F00239970 /* SearchResultsViewController.xib */; };
		595CD1B1143354B30045DA40 /* SearchOptionsView.m in Sources */ = {isa = PBXBuildFile; fileRef = 595CD1AF143354B30045DA40 /* SearchOptionsView.m */; };
		595CD1B2143354B30045DA40 /* SearchOptionsView.xib in Resources */ = {isa = PBXBuildFile; fileRef = 595CD1B0143354B30045DA40 /* SearchOptionsView.xib */; };
		595CD1B7143360180045DA40 /* SearchOptions.m in Sources */ = {isa = PBXBuildFile; fileRef = 595CD1B6143360180045DA40 /* SearchOptions.m */; };
		59A0DFD31405B05B0051F4D3 /* librarySearch-i.png in Resources */ = {isa = PBXBuildFile; fileRef = 59A0DFD21405B05B0051F4D3 /* librarySearch-i.png */; };
		59A0DFD51405B0700051F4D3 /* librarySearch-i4.png in Resources */ = {isa = PBXBuildFile; fileRef = 59A0DFD41405B0700051F4D3 /* librarySearch-i4.png */; };
		59A0DFD71405B1930051F4D3 /* Default.png in Resources */ = {isa = PBXBuildFile; fileRef = 59A0DFD61405B1930051F4D3 /* Default.png */; };
		59A0DFD91405B37F0051F4D3 /* Default@2x.png in Resources */ = {isa = PBXBuildFile; fileRef = 59A0DFD81405B37F0051F4D3 /* Default@2x.png */; };
		59A976431416463D00A7E277 /* NSObject+SBJson.m in Sources */ = {isa = PBXBuildFile; fileRef = 59A9762D1416463D00A7E277 /* NSObject+SBJson.m */; };
		59A976441416463D00A7E277 /* SBJsonParser.m in Sources */ = {isa = PBXBuildFile; fileRef = 59A976301416463D00A7E277 /* SBJsonParser.m */; };
		59A976451416463D00A7E277 /* SBJsonStreamParser.m in Sources */ = {isa = PBXBuildFile; fileRef = 59A976321416463D00A7E277 /* SBJsonStreamParser.m */; };
		59A976461416463D00A7E277 /* SBJsonStreamParserAccumulator.m in Sources */ = {isa = PBXBuildFile; fileRef = 59A976341416463D00A7E277 /* SBJsonStreamParserAccumulator.m */; };
		59A976471416463D00A7E277 /* SBJsonStreamParserState.m in Sources */ = {isa = PBXBuildFile; fileRef = 59A976361416463D00A7E277 /* SBJsonStreamParserState.m */; };
		59A976481416463D00A7E277 /* SBJsonStreamWriter.m in Sources */ = {isa = PBXBuildFile; fileRef = 59A976381416463D00A7E277 /* SBJsonStreamWriter.m */; };
		59A976491416463D00A7E277 /* SBJsonStreamWriterAccumulator.m in Sources */ = {isa = PBXBuildFile; fileRef = 59A9763A1416463D00A7E277 /* SBJsonStreamWriterAccumulator.m */; };
		59A9764A1416463D00A7E277 /* SBJsonStreamWriterState.m in Sources */ = {isa = PBXBuildFile; fileRef = 59A9763C1416463D00A7E277 /* SBJsonStreamWriterState.m */; };
		59A9764B1416463D00A7E277 /* SBJsonTokeniser.m in Sources */ = {isa = PBXBuildFile; fileRef = 59A9763E1416463D00A7E277 /* SBJsonTokeniser.m */; };
		59A9764C1416463D00A7E277 /* SBJsonUTF8Stream.m in Sources */ = {isa = PBXBuildFile; fileRef = 59A976401416463D00A7E277 /* SBJsonUTF8Stream.m */; };
		59A9764D1416463D00A7E277 /* SBJsonWriter.m in Sources */ = {isa = PBXBuildFile; fileRef = 59A976421416463D00A7E277 /* SBJsonWriter.m */; };
		59C9820B13FE9CAC00EA27E0 /* MapView.m in Sources */ = {isa = PBXBuildFile; fileRef = 59C9820913FE9CAC00EA27E0 /* MapView.m */; };
		59C9820C13FE9CAC00EA27E0 /* MapView.xib in Resources */ = {isa = PBXBuildFile; fileRef = 59C9820A13FE9CAC00EA27E0 /* MapView.xib */; };
		59C9820E13FE9E7300EA27E0 /* MapKit.framework in Frameworks */ = {isa = PBXBuildFile; fileRef = 59C9820D13FE9E7300EA27E0 /* MapKit.framework */; };
		59F657061402A5CF0090C6F2 /* RecordLocation.m in Sources */ = {isa = PBXBuildFile; fileRef = 59F657051402A5CF0090C6F2 /* RecordLocation.m */; };
		59F8B34E1447B03C0090CC69 /* books.png in Resources */ = {isa = PBXBuildFile; fileRef = 59F8B34D1447B03C0090CC69 /* books.png */; };
		59FA79E4143EDCAC005106A6 /* IndoorLocationView.m in Sources */ = {isa = PBXBuildFile; fileRef = 59FA79E2143EDCAC005106A6 /* IndoorLocationView.m */; };
		59FA79E5143EDCAC005106A6 /* IndoorLocationView.xib in Resources */ = {isa = PBXBuildFile; fileRef = 59FA79E3143EDCAC005106A6 /* IndoorLocationView.xib */; };
/* End PBXBuildFile section */

/* Begin PBXContainerItemProxy section */
		590415C713FC19DC00621782 /* PBXContainerItemProxy */ = {
			isa = PBXContainerItemProxy;
			containerPortal = 5904159413FC19DB00621782 /* Project object */;
			proxyType = 1;
			remoteGlobalIDString = 5904159C13FC19DB00621782;
			remoteInfo = "Cambridge Library Search";
		};
/* End PBXContainerItemProxy section */

/* Begin PBXFileReference section */
		5904159D13FC19DB00621782 /* Cambridge Library Search.app */ = {isa = PBXFileReference; explicitFileType = wrapper.application; includeInIndex = 0; path = "Cambridge Library Search.app"; sourceTree = BUILT_PRODUCTS_DIR; };
		590415A113FC19DC00621782 /* UIKit.framework */ = {isa = PBXFileReference; lastKnownFileType = wrapper.framework; name = UIKit.framework; path = System/Library/Frameworks/UIKit.framework; sourceTree = SDKROOT; };
		590415A313FC19DC00621782 /* Foundation.framework */ = {isa = PBXFileReference; lastKnownFileType = wrapper.framework; name = Foundation.framework; path = System/Library/Frameworks/Foundation.framework; sourceTree = SDKROOT; };
		590415A513FC19DC00621782 /* CoreGraphics.framework */ = {isa = PBXFileReference; lastKnownFileType = wrapper.framework; name = CoreGraphics.framework; path = System/Library/Frameworks/CoreGraphics.framework; sourceTree = SDKROOT; };
		590415A913FC19DC00621782 /* Cambridge Library Search-Info.plist */ = {isa = PBXFileReference; lastKnownFileType = text.plist.xml; path = "Cambridge Library Search-Info.plist"; sourceTree = "<group>"; };
		590415AB13FC19DC00621782 /* en */ = {isa = PBXFileReference; lastKnownFileType = text.plist.strings; name = en; path = en.lproj/InfoPlist.strings; sourceTree = "<group>"; };
		590415AD13FC19DC00621782 /* main.m */ = {isa = PBXFileReference; lastKnownFileType = sourcecode.c.objc; path = main.m; sourceTree = "<group>"; };
		590415AF13FC19DC00621782 /* Cambridge Library Search-Prefix.pch */ = {isa = PBXFileReference; lastKnownFileType = sourcecode.c.h; path = "Cambridge Library Search-Prefix.pch"; sourceTree = "<group>"; };
		590415B013FC19DC00621782 /* Cambridge_Library_SearchAppDelegate.h */ = {isa = PBXFileReference; lastKnownFileType = sourcecode.c.h; path = Cambridge_Library_SearchAppDelegate.h; sourceTree = "<group>"; };
		590415B113FC19DC00621782 /* Cambridge_Library_SearchAppDelegate.m */ = {isa = PBXFileReference; lastKnownFileType = sourcecode.c.objc; path = Cambridge_Library_SearchAppDelegate.m; sourceTree = "<group>"; };
		590415B413FC19DC00621782 /* en */ = {isa = PBXFileReference; lastKnownFileType = file.xib; name = en; path = en.lproj/MainWindow.xib; sourceTree = "<group>"; };
		590415B613FC19DC00621782 /* Cambridge_Library_SearchViewController.h */ = {isa = PBXFileReference; lastKnownFileType = sourcecode.c.h; path = Cambridge_Library_SearchViewController.h; sourceTree = "<group>"; };
		590415B713FC19DC00621782 /* Cambridge_Library_SearchViewController.m */ = {isa = PBXFileReference; lastKnownFileType = sourcecode.c.objc; path = Cambridge_Library_SearchViewController.m; sourceTree = "<group>"; };
		590415BA13FC19DC00621782 /* en */ = {isa = PBXFileReference; lastKnownFileType = file.xib; name = en; path = en.lproj/Cambridge_Library_SearchViewController.xib; sourceTree = "<group>"; };
		590415C113FC19DC00621782 /* Cambridge Library SearchTests.octest */ = {isa = PBXFileReference; explicitFileType = wrapper.cfbundle; includeInIndex = 0; path = "Cambridge Library SearchTests.octest"; sourceTree = BUILT_PRODUCTS_DIR; };
		590415C213FC19DC00621782 /* SenTestingKit.framework */ = {isa = PBXFileReference; lastKnownFileType = wrapper.framework; name = SenTestingKit.framework; path = Library/Frameworks/SenTestingKit.framework; sourceTree = DEVELOPER_DIR; };
		590415CB13FC19DC00621782 /* Cambridge Library SearchTests-Info.plist */ = {isa = PBXFileReference; lastKnownFileType = text.plist.xml; path = "Cambridge Library SearchTests-Info.plist"; sourceTree = "<group>"; };
		590415CD13FC19DC00621782 /* en */ = {isa = PBXFileReference; lastKnownFileType = text.plist.strings; name = en; path = en.lproj/InfoPlist.strings; sourceTree = "<group>"; };
		590415CF13FC19DC00621782 /* Cambridge_Library_SearchTests.h */ = {isa = PBXFileReference; lastKnownFileType = sourcecode.c.h; path = Cambridge_Library_SearchTests.h; sourceTree = "<group>"; };
		590415D113FC19DC00621782 /* Cambridge_Library_SearchTests.m */ = {isa = PBXFileReference; lastKnownFileType = sourcecode.c.objc; path = Cambridge_Library_SearchTests.m; sourceTree = "<group>"; };
		5906C05413FC6E8C00F04A73 /* Entry.h */ = {isa = PBXFileReference; fileEncoding = 4; lastKnownFileType = sourcecode.c.h; path = Entry.h; sourceTree = "<group>"; };
		5906C05513FC6E8C00F04A73 /* Entry.m */ = {isa = PBXFileReference; fileEncoding = 4; lastKnownFileType = sourcecode.c.objc; path = Entry.m; sourceTree = "<group>"; };
		5945D7FC13FE911300A6EEE7 /* EntryView_Group.h */ = {isa = PBXFileReference; fileEncoding = 4; lastKnownFileType = sourcecode.c.h; path = EntryView_Group.h; sourceTree = "<group>"; };
		5945D7FD13FE911300A6EEE7 /* EntryView_Group.m */ = {isa = PBXFileReference; fileEncoding = 4; lastKnownFileType = sourcecode.c.objc; path = EntryView_Group.m; sourceTree = "<group>"; };
		5945D7FE13FE911300A6EEE7 /* EntryView_Group.xib */ = {isa = PBXFileReference; fileEncoding = 4; lastKnownFileType = file.xib; path = EntryView_Group.xib; sourceTree = "<group>"; };
		59504E5F13FD464F00239970 /* SearchResultsViewController.h */ = {isa = PBXFileReference; fileEncoding = 4; lastKnownFileType = sourcecode.c.h; path = SearchResultsViewController.h; sourceTree = "<group>"; };
		59504E6013FD464F00239970 /* SearchResultsViewController.m */ = {isa = PBXFileReference; fileEncoding = 4; lastKnownFileType = sourcecode.c.objc; path = SearchResultsViewController.m; sourceTree = "<group>"; };
		59504E6113FD464F00239970 /* SearchResultsViewController.xib */ = {isa = PBXFileReference; fileEncoding = 4; lastKnownFileType = file.xib; path = SearchResultsViewController.xib; sourceTree = "<group>"; };
		595CD1AE143354B30045DA40 /* SearchOptionsView.h */ = {isa = PBXFileReference; fileEncoding = 4; lastKnownFileType = sourcecode.c.h; path = SearchOptionsView.h; sourceTree = "<group>"; };
		595CD1AF143354B30045DA40 /* SearchOptionsView.m */ = {isa = PBXFileReference; fileEncoding = 4; lastKnownFileType = sourcecode.c.objc; path = SearchOptionsView.m; sourceTree = "<group>"; };
		595CD1B0143354B30045DA40 /* SearchOptionsView.xib */ = {isa = PBXFileReference; fileEncoding = 4; lastKnownFileType = file.xib; path = SearchOptionsView.xib; sourceTree = "<group>"; };
		595CD1B5143360180045DA40 /* SearchOptions.h */ = {isa = PBXFileReference; fileEncoding = 4; lastKnownFileType = sourcecode.c.h; path = SearchOptions.h; sourceTree = "<group>"; };
		595CD1B6143360180045DA40 /* SearchOptions.m */ = {isa = PBXFileReference; fileEncoding = 4; lastKnownFileType = sourcecode.c.objc; path = SearchOptions.m; sourceTree = "<group>"; };
		59A0DFD11405ABA90051F4D3 /* Cambridge Library Search.entitlements */ = {isa = PBXFileReference; lastKnownFileType = text.xml; path = "Cambridge Library Search.entitlements"; sourceTree = "<group>"; };
		59A0DFD21405B05B0051F4D3 /* librarySearch-i.png */ = {isa = PBXFileReference; lastKnownFileType = image.png; path = "librarySearch-i.png"; sourceTree = "<group>"; };
		59A0DFD41405B0700051F4D3 /* librarySearch-i4.png */ = {isa = PBXFileReference; lastKnownFileType = image.png; path = "librarySearch-i4.png"; sourceTree = "<group>"; };
		59A0DFD61405B1930051F4D3 /* Default.png */ = {isa = PBXFileReference; lastKnownFileType = image.png; path = Default.png; sourceTree = "<group>"; };
		59A0DFD81405B37F0051F4D3 /* Default@2x.png */ = {isa = PBXFileReference; lastKnownFileType = image.png; path = "Default@2x.png"; sourceTree = "<group>"; };
		59A9762C1416463D00A7E277 /* NSObject+SBJson.h */ = {isa = PBXFileReference; fileEncoding = 4; lastKnownFileType = sourcecode.c.h; name = "NSObject+SBJson.h"; path = "SBJSON/NSObject+SBJson.h"; sourceTree = "<group>"; };
		59A9762D1416463D00A7E277 /* NSObject+SBJson.m */ = {isa = PBXFileReference; fileEncoding = 4; lastKnownFileType = sourcecode.c.objc; name = "NSObject+SBJson.m"; path = "SBJSON/NSObject+SBJson.m"; sourceTree = "<group>"; };
		59A9762E1416463D00A7E277 /* SBJson.h */ = {isa = PBXFileReference; fileEncoding = 4; lastKnownFileType = sourcecode.c.h; name = SBJson.h; path = SBJSON/SBJson.h; sourceTree = "<group>"; };
		59A9762F1416463D00A7E277 /* SBJsonParser.h */ = {isa = PBXFileReference; fileEncoding = 4; lastKnownFileType = sourcecode.c.h; name = SBJsonParser.h; path = SBJSON/SBJsonParser.h; sourceTree = "<group>"; };
		59A976301416463D00A7E277 /* SBJsonParser.m */ = {isa = PBXFileReference; fileEncoding = 4; lastKnownFileType = sourcecode.c.objc; name = SBJsonParser.m; path = SBJSON/SBJsonParser.m; sourceTree = "<group>"; };
		59A976311416463D00A7E277 /* SBJsonStreamParser.h */ = {isa = PBXFileReference; fileEncoding = 4; lastKnownFileType = sourcecode.c.h; name = SBJsonStreamParser.h; path = SBJSON/SBJsonStreamParser.h; sourceTree = "<group>"; };
		59A976321416463D00A7E277 /* SBJsonStreamParser.m */ = {isa = PBXFileReference; fileEncoding = 4; lastKnownFileType = sourcecode.c.objc; name = SBJsonStreamParser.m; path = SBJSON/SBJsonStreamParser.m; sourceTree = "<group>"; };
		59A976331416463D00A7E277 /* SBJsonStreamParserAccumulator.h */ = {isa = PBXFileReference; fileEncoding = 4; lastKnownFileType = sourcecode.c.h; name = SBJsonStreamParserAccumulator.h; path = SBJSON/SBJsonStreamParserAccumulator.h; sourceTree = "<group>"; };
		59A976341416463D00A7E277 /* SBJsonStreamParserAccumulator.m */ = {isa = PBXFileReference; fileEncoding = 4; lastKnownFileType = sourcecode.c.objc; name = SBJsonStreamParserAccumulator.m; path = SBJSON/SBJsonStreamParserAccumulator.m; sourceTree = "<group>"; };
		59A976351416463D00A7E277 /* SBJsonStreamParserState.h */ = {isa = PBXFileReference; fileEncoding = 4; lastKnownFileType = sourcecode.c.h; name = SBJsonStreamParserState.h; path = SBJSON/SBJsonStreamParserState.h; sourceTree = "<group>"; };
		59A976361416463D00A7E277 /* SBJsonStreamParserState.m */ = {isa = PBXFileReference; fileEncoding = 4; lastKnownFileType = sourcecode.c.objc; name = SBJsonStreamParserState.m; path = SBJSON/SBJsonStreamParserState.m; sourceTree = "<group>"; };
		59A976371416463D00A7E277 /* SBJsonStreamWriter.h */ = {isa = PBXFileReference; fileEncoding = 4; lastKnownFileType = sourcecode.c.h; name = SBJsonStreamWriter.h; path = SBJSON/SBJsonStreamWriter.h; sourceTree = "<group>"; };
		59A976381416463D00A7E277 /* SBJsonStreamWriter.m */ = {isa = PBXFileReference; fileEncoding = 4; lastKnownFileType = sourcecode.c.objc; name = SBJsonStreamWriter.m; path = SBJSON/SBJsonStreamWriter.m; sourceTree = "<group>"; };
		59A976391416463D00A7E277 /* SBJsonStreamWriterAccumulator.h */ = {isa = PBXFileReference; fileEncoding = 4; lastKnownFileType = sourcecode.c.h; name = SBJsonStreamWriterAccumulator.h; path = SBJSON/SBJsonStreamWriterAccumulator.h; sourceTree = "<group>"; };
		59A9763A1416463D00A7E277 /* SBJsonStreamWriterAccumulator.m */ = {isa = PBXFileReference; fileEncoding = 4; lastKnownFileType = sourcecode.c.objc; name = SBJsonStreamWriterAccumulator.m; path = SBJSON/SBJsonStreamWriterAccumulator.m; sourceTree = "<group>"; };
		59A9763B1416463D00A7E277 /* SBJsonStreamWriterState.h */ = {isa = PBXFileReference; fileEncoding = 4; lastKnownFileType = sourcecode.c.h; name = SBJsonStreamWriterState.h; path = SBJSON/SBJsonStreamWriterState.h; sourceTree = "<group>"; };
		59A9763C1416463D00A7E277 /* SBJsonStreamWriterState.m */ = {isa = PBXFileReference; fileEncoding = 4; lastKnownFileType = sourcecode.c.objc; name = SBJsonStreamWriterState.m; path = SBJSON/SBJsonStreamWriterState.m; sourceTree = "<group>"; };
		59A9763D1416463D00A7E277 /* SBJsonTokeniser.h */ = {isa = PBXFileReference; fileEncoding = 4; lastKnownFileType = sourcecode.c.h; name = SBJsonTokeniser.h; path = SBJSON/SBJsonTokeniser.h; sourceTree = "<group>"; };
		59A9763E1416463D00A7E277 /* SBJsonTokeniser.m */ = {isa = PBXFileReference; fileEncoding = 4; lastKnownFileType = sourcecode.c.objc; name = SBJsonTokeniser.m; path = SBJSON/SBJsonTokeniser.m; sourceTree = "<group>"; };
		59A9763F1416463D00A7E277 /* SBJsonUTF8Stream.h */ = {isa = PBXFileReference; fileEncoding = 4; lastKnownFileType = sourcecode.c.h; name = SBJsonUTF8Stream.h; path = SBJSON/SBJsonUTF8Stream.h; sourceTree = "<group>"; };
		59A976401416463D00A7E277 /* SBJsonUTF8Stream.m */ = {isa = PBXFileReference; fileEncoding = 4; lastKnownFileType = sourcecode.c.objc; name = SBJsonUTF8Stream.m; path = SBJSON/SBJsonUTF8Stream.m; sourceTree = "<group>"; };
		59A976411416463D00A7E277 /* SBJsonWriter.h */ = {isa = PBXFileReference; fileEncoding = 4; lastKnownFileType = sourcecode.c.h; name = SBJsonWriter.h; path = SBJSON/SBJsonWriter.h; sourceTree = "<group>"; };
		59A976421416463D00A7E277 /* SBJsonWriter.m */ = {isa = PBXFileReference; fileEncoding = 4; lastKnownFileType = sourcecode.c.objc; name = SBJsonWriter.m; path = SBJSON/SBJsonWriter.m; sourceTree = "<group>"; };
		59C9820813FE9CAC00EA27E0 /* MapView.h */ = {isa = PBXFileReference; fileEncoding = 4; lastKnownFileType = sourcecode.c.h; path = MapView.h; sourceTree = "<group>"; };
		59C9820913FE9CAC00EA27E0 /* MapView.m */ = {isa = PBXFileReference; fileEncoding = 4; lastKnownFileType = sourcecode.c.objc; path = MapView.m; sourceTree = "<group>"; };
		59C9820A13FE9CAC00EA27E0 /* MapView.xib */ = {isa = PBXFileReference; fileEncoding = 4; lastKnownFileType = file.xib; path = MapView.xib; sourceTree = "<group>"; };
		59C9820D13FE9E7300EA27E0 /* MapKit.framework */ = {isa = PBXFileReference; lastKnownFileType = wrapper.framework; name = MapKit.framework; path = System/Library/Frameworks/MapKit.framework; sourceTree = SDKROOT; };
		59F657041402A5CF0090C6F2 /* RecordLocation.h */ = {isa = PBXFileReference; fileEncoding = 4; lastKnownFileType = sourcecode.c.h; path = RecordLocation.h; sourceTree = "<group>"; };
		59F657051402A5CF0090C6F2 /* RecordLocation.m */ = {isa = PBXFileReference; fileEncoding = 4; lastKnownFileType = sourcecode.c.objc; path = RecordLocation.m; sourceTree = "<group>"; };
		59F8B34D1447B03C0090CC69 /* books.png */ = {isa = PBXFileReference; lastKnownFileType = image.png; path = books.png; sourceTree = "<group>"; };
		59FA79E1143EDCAC005106A6 /* IndoorLocationView.h */ = {isa = PBXFileReference; fileEncoding = 4; lastKnownFileType = sourcecode.c.h; path = IndoorLocationView.h; sourceTree = "<group>"; };
		59FA79E2143EDCAC005106A6 /* IndoorLocationView.m */ = {isa = PBXFileReference; fileEncoding = 4; lastKnownFileType = sourcecode.c.objc; path = IndoorLocationView.m; sourceTree = "<group>"; };
		59FA79E3143EDCAC005106A6 /* IndoorLocationView.xib */ = {isa = PBXFileReference; fileEncoding = 4; lastKnownFileType = file.xib; path = IndoorLocationView.xib; sourceTree = "<group>"; };
/* End PBXFileReference section */

/* Begin PBXFrameworksBuildPhase section */
		5904159A13FC19DB00621782 /* Frameworks */ = {
			isa = PBXFrameworksBuildPhase;
			buildActionMask = 2147483647;
			files = (
				59C9820E13FE9E7300EA27E0 /* MapKit.framework in Frameworks */,
				590415A213FC19DC00621782 /* UIKit.framework in Frameworks */,
				590415A413FC19DC00621782 /* Foundation.framework in Frameworks */,
				590415A613FC19DC00621782 /* CoreGraphics.framework in Frameworks */,
			);
			runOnlyForDeploymentPostprocessing = 0;
		};
		590415BD13FC19DC00621782 /* Frameworks */ = {
			isa = PBXFrameworksBuildPhase;
			buildActionMask = 2147483647;
			files = (
				590415C313FC19DC00621782 /* SenTestingKit.framework in Frameworks */,
				590415C413FC19DC00621782 /* UIKit.framework in Frameworks */,
				590415C513FC19DC00621782 /* Foundation.framework in Frameworks */,
				590415C613FC19DC00621782 /* CoreGraphics.framework in Frameworks */,
			);
			runOnlyForDeploymentPostprocessing = 0;
		};
/* End PBXFrameworksBuildPhase section */

/* Begin PBXGroup section */
		5904159213FC19DB00621782 = {
			isa = PBXGroup;
			children = (
				59A0DFDA1405BB9C0051F4D3 /* SBJson */,
				59A0DFD81405B37F0051F4D3 /* Default@2x.png */,
				59A0DFD61405B1930051F4D3 /* Default.png */,
				59A0DFD41405B0700051F4D3 /* librarySearch-i4.png */,
				59A0DFD21405B05B0051F4D3 /* librarySearch-i.png */,
				590415A713FC19DC00621782 /* Cambridge Library Search */,
				590415C913FC19DC00621782 /* Cambridge Library SearchTests */,
				590415A013FC19DC00621782 /* Frameworks */,
				5904159E13FC19DB00621782 /* Products */,
			);
			sourceTree = "<group>";
		};
		5904159E13FC19DB00621782 /* Products */ = {
			isa = PBXGroup;
			children = (
				5904159D13FC19DB00621782 /* Cambridge Library Search.app */,
				590415C113FC19DC00621782 /* Cambridge Library SearchTests.octest */,
			);
			name = Products;
			sourceTree = "<group>";
		};
		590415A013FC19DC00621782 /* Frameworks */ = {
			isa = PBXGroup;
			children = (
				59C9820D13FE9E7300EA27E0 /* MapKit.framework */,
				590415A113FC19DC00621782 /* UIKit.framework */,
				590415A313FC19DC00621782 /* Foundation.framework */,
				590415A513FC19DC00621782 /* CoreGraphics.framework */,
				590415C213FC19DC00621782 /* SenTestingKit.framework */,
			);
			name = Frameworks;
			sourceTree = "<group>";
		};
		590415A713FC19DC00621782 /* Cambridge Library Search */ = {
			isa = PBXGroup;
			children = (
				595CD1B9143369270045DA40 /* Views */,
				595CD1B8143368E70045DA40 /* Controllers */,
				595CD1B414335FF20045DA40 /* Model */,
				59A0DFD11405ABA90051F4D3 /* Cambridge Library Search.entitlements */,
				590415B013FC19DC00621782 /* Cambridge_Library_SearchAppDelegate.h */,
				590415B113FC19DC00621782 /* Cambridge_Library_SearchAppDelegate.m */,
				590415A813FC19DC00621782 /* Supporting Files */,
			);
			path = "Cambridge Library Search";
			sourceTree = "<group>";
		};
		590415A813FC19DC00621782 /* Supporting Files */ = {
			isa = PBXGroup;
			children = (
				59F8B34D1447B03C0090CC69 /* books.png */,
				590415A913FC19DC00621782 /* Cambridge Library Search-Info.plist */,
				590415AA13FC19DC00621782 /* InfoPlist.strings */,
				590415AD13FC19DC00621782 /* main.m */,
				590415AF13FC19DC00621782 /* Cambridge Library Search-Prefix.pch */,
			);
			name = "Supporting Files";
			sourceTree = "<group>";
		};
		590415C913FC19DC00621782 /* Cambridge Library SearchTests */ = {
			isa = PBXGroup;
			children = (
				590415CF13FC19DC00621782 /* Cambridge_Library_SearchTests.h */,
				590415D113FC19DC00621782 /* Cambridge_Library_SearchTests.m */,
				590415CA13FC19DC00621782 /* Supporting Files */,
			);
			path = "Cambridge Library SearchTests";
			sourceTree = "<group>";
		};
		590415CA13FC19DC00621782 /* Supporting Files */ = {
			isa = PBXGroup;
			children = (
				590415CB13FC19DC00621782 /* Cambridge Library SearchTests-Info.plist */,
				590415CC13FC19DC00621782 /* InfoPlist.strings */,
			);
			name = "Supporting Files";
			sourceTree = "<group>";
		};
		595CD1B414335FF20045DA40 /* Model */ = {
			isa = PBXGroup;
			children = (
				5906C05413FC6E8C00F04A73 /* Entry.h */,
				5906C05513FC6E8C00F04A73 /* Entry.m */,
				59F657041402A5CF0090C6F2 /* RecordLocation.h */,
				59F657051402A5CF0090C6F2 /* RecordLocation.m */,
				595CD1B5143360180045DA40 /* SearchOptions.h */,
				595CD1B6143360180045DA40 /* SearchOptions.m */,
			);
			name = Model;
			sourceTree = "<group>";
		};
		595CD1B8143368E70045DA40 /* Controllers */ = {
			isa = PBXGroup;
			children = (
				595CD1AE143354B30045DA40 /* SearchOptionsView.h */,
				595CD1AF143354B30045DA40 /* SearchOptionsView.m */,
				590415B613FC19DC00621782 /* Cambridge_Library_SearchViewController.h */,
				590415B713FC19DC00621782 /* Cambridge_Library_SearchViewController.m */,
				59504E5F13FD464F00239970 /* SearchResultsViewController.h */,
				59504E6013FD464F00239970 /* SearchResultsViewController.m */,
				5945D7FC13FE911300A6EEE7 /* EntryView_Group.h */,
				5945D7FD13FE911300A6EEE7 /* EntryView_Group.m */,
				59C9820813FE9CAC00EA27E0 /* MapView.h */,
				59C9820913FE9CAC00EA27E0 /* MapView.m */,
				59FA79E1143EDCAC005106A6 /* IndoorLocationView.h */,
				59FA79E2143EDCAC005106A6 /* IndoorLocationView.m */,
			);
			name = Controllers;
			sourceTree = "<group>";
		};
		595CD1B9143369270045DA40 /* Views */ = {
			isa = PBXGroup;
			children = (
				590415B913FC19DC00621782 /* Cambridge_Library_SearchViewController.xib */,
				595CD1B0143354B30045DA40 /* SearchOptionsView.xib */,
				59504E6113FD464F00239970 /* SearchResultsViewController.xib */,
				5945D7FE13FE911300A6EEE7 /* EntryView_Group.xib */,
				59C9820A13FE9CAC00EA27E0 /* MapView.xib */,
				59FA79E3143EDCAC005106A6 /* IndoorLocationView.xib */,
				590415B313FC19DC00621782 /* MainWindow.xib */,
			);
			name = Views;
			sourceTree = "<group>";
		};
		59A0DFDA1405BB9C0051F4D3 /* SBJson */ = {
			isa = PBXGroup;
			children = (
				59A9762C1416463D00A7E277 /* NSObject+SBJson.h */,
				59A9762D1416463D00A7E277 /* NSObject+SBJson.m */,
				59A9762E1416463D00A7E277 /* SBJson.h */,
				59A9762F1416463D00A7E277 /* SBJsonParser.h */,
				59A976301416463D00A7E277 /* SBJsonParser.m */,
				59A976311416463D00A7E277 /* SBJsonStreamParser.h */,
				59A976321416463D00A7E277 /* SBJsonStreamParser.m */,
				59A976331416463D00A7E277 /* SBJsonStreamParserAccumulator.h */,
				59A976341416463D00A7E277 /* SBJsonStreamParserAccumulator.m */,
				59A976351416463D00A7E277 /* SBJsonStreamParserState.h */,
				59A976361416463D00A7E277 /* SBJsonStreamParserState.m */,
				59A976371416463D00A7E277 /* SBJsonStreamWriter.h */,
				59A976381416463D00A7E277 /* SBJsonStreamWriter.m */,
				59A976391416463D00A7E277 /* SBJsonStreamWriterAccumulator.h */,
				59A9763A1416463D00A7E277 /* SBJsonStreamWriterAccumulator.m */,
				59A9763B1416463D00A7E277 /* SBJsonStreamWriterState.h */,
				59A9763C1416463D00A7E277 /* SBJsonStreamWriterState.m */,
				59A9763D1416463D00A7E277 /* SBJsonTokeniser.h */,
				59A9763E1416463D00A7E277 /* SBJsonTokeniser.m */,
				59A9763F1416463D00A7E277 /* SBJsonUTF8Stream.h */,
				59A976401416463D00A7E277 /* SBJsonUTF8Stream.m */,
				59A976411416463D00A7E277 /* SBJsonWriter.h */,
				59A976421416463D00A7E277 /* SBJsonWriter.m */,
			);
			name = SBJson;
			sourceTree = "<group>";
		};
/* End PBXGroup section */

/* Begin PBXNativeTarget section */
		5904159C13FC19DB00621782 /* Cambridge Library Search */ = {
			isa = PBXNativeTarget;
			buildConfigurationList = 590415D513FC19DC00621782 /* Build configuration list for PBXNativeTarget "Cambridge Library Search" */;
			buildPhases = (
				5904159913FC19DB00621782 /* Sources */,
				5904159A13FC19DB00621782 /* Frameworks */,
				5904159B13FC19DB00621782 /* Resources */,
			);
			buildRules = (
			);
			dependencies = (
			);
			name = "Cambridge Library Search";
			productName = "Cambridge Library Search";
			productReference = 5904159D13FC19DB00621782 /* Cambridge Library Search.app */;
			productType = "com.apple.product-type.application";
		};
		590415C013FC19DC00621782 /* Cambridge Library SearchTests */ = {
			isa = PBXNativeTarget;
			buildConfigurationList = 590415D813FC19DC00621782 /* Build configuration list for PBXNativeTarget "Cambridge Library SearchTests" */;
			buildPhases = (
				590415BC13FC19DC00621782 /* Sources */,
				590415BD13FC19DC00621782 /* Frameworks */,
				590415BE13FC19DC00621782 /* Resources */,
				590415BF13FC19DC00621782 /* ShellScript */,
			);
			buildRules = (
			);
			dependencies = (
				590415C813FC19DC00621782 /* PBXTargetDependency */,
			);
			name = "Cambridge Library SearchTests";
			productName = "Cambridge Library SearchTests";
			productReference = 590415C113FC19DC00621782 /* Cambridge Library SearchTests.octest */;
			productType = "com.apple.product-type.bundle";
		};
/* End PBXNativeTarget section */

/* Begin PBXProject section */
		5904159413FC19DB00621782 /* Project object */ = {
			isa = PBXProject;
			attributes = {
				LastUpgradeCheck = 0420;
				ORGANIZATIONNAME = "James Snee";
			};
			buildConfigurationList = 5904159713FC19DB00621782 /* Build configuration list for PBXProject "Cambridge Library Search" */;
			compatibilityVersion = "Xcode 3.2";
			developmentRegion = English;
			hasScannedForEncodings = 0;
			knownRegions = (
				en,
			);
			mainGroup = 5904159213FC19DB00621782;
			productRefGroup = 5904159E13FC19DB00621782 /* Products */;
			projectDirPath = "";
			projectRoot = "";
			targets = (
				5904159C13FC19DB00621782 /* Cambridge Library Search */,
				590415C013FC19DC00621782 /* Cambridge Library SearchTests */,
			);
		};
/* End PBXProject section */

/* Begin PBXResourcesBuildPhase section */
		5904159B13FC19DB00621782 /* Resources */ = {
			isa = PBXResourcesBuildPhase;
			buildActionMask = 2147483647;
			files = (
				590415AC13FC19DC00621782 /* InfoPlist.strings in Resources */,
				590415B513FC19DC00621782 /* MainWindow.xib in Resources */,
				590415BB13FC19DC00621782 /* Cambridge_Library_SearchViewController.xib in Resources */,
				59504E6413FD464F00239970 /* SearchResultsViewController.xib in Resources */,
				5945D80013FE911300A6EEE7 /* EntryView_Group.xib in Resources */,
				59C9820C13FE9CAC00EA27E0 /* MapView.xib in Resources */,
				59A0DFD31405B05B0051F4D3 /* librarySearch-i.png in Resources */,
				59A0DFD51405B0700051F4D3 /* librarySearch-i4.png in Resources */,
				59A0DFD71405B1930051F4D3 /* Default.png in Resources */,
				59A0DFD91405B37F0051F4D3 /* Default@2x.png in Resources */,
				595CD1B2143354B30045DA40 /* SearchOptionsView.xib in Resources */,
				59FA79E5143EDCAC005106A6 /* IndoorLocationView.xib in Resources */,
				59F8B34E1447B03C0090CC69 /* books.png in Resources */,
			);
			runOnlyForDeploymentPostprocessing = 0;
		};
		590415BE13FC19DC00621782 /* Resources */ = {
			isa = PBXResourcesBuildPhase;
			buildActionMask = 2147483647;
			files = (
				590415CE13FC19DC00621782 /* InfoPlist.strings in Resources */,
				590415D013FC19DC00621782 /* Cambridge_Library_SearchTests.h in Resources */,
				59504E6513FD464F00239970 /* SearchResultsViewController.xib in Resources */,
			);
			runOnlyForDeploymentPostprocessing = 0;
		};
/* End PBXResourcesBuildPhase section */

/* Begin PBXShellScriptBuildPhase section */
		590415BF13FC19DC00621782 /* ShellScript */ = {
			isa = PBXShellScriptBuildPhase;
			buildActionMask = 2147483647;
			files = (
			);
			inputPaths = (
			);
			outputPaths = (
			);
			runOnlyForDeploymentPostprocessing = 0;
			shellPath = /bin/sh;
			shellScript = "# Run the unit tests in this test bundle.\n\"${SYSTEM_DEVELOPER_DIR}/Tools/RunUnitTests\"\n";
		};
/* End PBXShellScriptBuildPhase section */

/* Begin PBXSourcesBuildPhase section */
		5904159913FC19DB00621782 /* Sources */ = {
			isa = PBXSourcesBuildPhase;
			buildActionMask = 2147483647;
			files = (
				590415AE13FC19DC00621782 /* main.m in Sources */,
				590415B213FC19DC00621782 /* Cambridge_Library_SearchAppDelegate.m in Sources */,
				590415B813FC19DC00621782 /* Cambridge_Library_SearchViewController.m in Sources */,
				5906C05613FC6E8C00F04A73 /* Entry.m in Sources */,
				59504E6213FD464F00239970 /* SearchResultsViewController.m in Sources */,
				5945D7FF13FE911300A6EEE7 /* EntryView_Group.m in Sources */,
				59C9820B13FE9CAC00EA27E0 /* MapView.m in Sources */,
				59F657061402A5CF0090C6F2 /* RecordLocation.m in Sources */,
				59A976431416463D00A7E277 /* NSObject+SBJson.m in Sources */,
				59A976441416463D00A7E277 /* SBJsonParser.m in Sources */,
				59A976451416463D00A7E277 /* SBJsonStreamParser.m in Sources */,
				59A976461416463D00A7E277 /* SBJsonStreamParserAccumulator.m in Sources */,
				59A976471416463D00A7E277 /* SBJsonStreamParserState.m in Sources */,
				59A976481416463D00A7E277 /* SBJsonStreamWriter.m in Sources */,
				59A976491416463D00A7E277 /* SBJsonStreamWriterAccumulator.m in Sources */,
				59A9764A1416463D00A7E277 /* SBJsonStreamWriterState.m in Sources */,
				59A9764B1416463D00A7E277 /* SBJsonTokeniser.m in Sources */,
				59A9764C1416463D00A7E277 /* SBJsonUTF8Stream.m in Sources */,
				59A9764D1416463D00A7E277 /* SBJsonWriter.m in Sources */,
				595CD1B1143354B30045DA40 /* SearchOptionsView.m in Sources */,
				595CD1B7143360180045DA40 /* SearchOptions.m in Sources */,
				59FA79E4143EDCAC005106A6 /* IndoorLocationView.m in Sources */,
			);
			runOnlyForDeploymentPostprocessing = 0;
		};
		590415BC13FC19DC00621782 /* Sources */ = {
			isa = PBXSourcesBuildPhase;
			buildActionMask = 2147483647;
			files = (
				590415D213FC19DC00621782 /* Cambridge_Library_SearchTests.m in Sources */,
				5906C05713FC6E8C00F04A73 /* Entry.m in Sources */,
				59504E6313FD464F00239970 /* SearchResultsViewController.m in Sources */,
			);
			runOnlyForDeploymentPostprocessing = 0;
		};
/* End PBXSourcesBuildPhase section */

/* Begin PBXTargetDependency section */
		590415C813FC19DC00621782 /* PBXTargetDependency */ = {
			isa = PBXTargetDependency;
			target = 5904159C13FC19DB00621782 /* Cambridge Library Search */;
			targetProxy = 590415C713FC19DC00621782 /* PBXContainerItemProxy */;
		};
/* End PBXTargetDependency section */

/* Begin PBXVariantGroup section */
		590415AA13FC19DC00621782 /* InfoPlist.strings */ = {
			isa = PBXVariantGroup;
			children = (
				590415AB13FC19DC00621782 /* en */,
			);
			name = InfoPlist.strings;
			sourceTree = "<group>";
		};
		590415B313FC19DC00621782 /* MainWindow.xib */ = {
			isa = PBXVariantGroup;
			children = (
				590415B413FC19DC00621782 /* en */,
			);
			name = MainWindow.xib;
			sourceTree = "<group>";
		};
		590415B913FC19DC00621782 /* Cambridge_Library_SearchViewController.xib */ = {
			isa = PBXVariantGroup;
			children = (
				590415BA13FC19DC00621782 /* en */,
			);
			name = Cambridge_Library_SearchViewController.xib;
			sourceTree = "<group>";
		};
		590415CC13FC19DC00621782 /* InfoPlist.strings */ = {
			isa = PBXVariantGroup;
			children = (
				590415CD13FC19DC00621782 /* en */,
			);
			name = InfoPlist.strings;
			sourceTree = "<group>";
		};
/* End PBXVariantGroup section */

/* Begin XCBuildConfiguration section */
		590415D313FC19DC00621782 /* Debug */ = {
			isa = XCBuildConfiguration;
			buildSettings = {
				ALWAYS_SEARCH_USER_PATHS = NO;
				ARCHS = "$(ARCHS_STANDARD_32_BIT)";
				CODE_SIGN_IDENTITY = "iPhone Developer: James Snee (UZF6782G72)";
				"CODE_SIGN_IDENTITY[sdk=iphoneos*]" = "iPhone Developer: James Snee (UZF6782G72)";
				COPY_PHASE_STRIP = NO;
				GCC_C_LANGUAGE_STANDARD = gnu99;
				GCC_DYNAMIC_NO_PIC = NO;
				GCC_OPTIMIZATION_LEVEL = 0;
				GCC_PREPROCESSOR_DEFINITIONS = (
					"DEBUG=1",
					"$(inherited)",
				);
				GCC_SYMBOLS_PRIVATE_EXTERN = NO;
				GCC_VERSION = com.apple.compilers.llvmgcc42;
				GCC_WARN_ABOUT_MISSING_PROTOTYPES = YES;
				GCC_WARN_ABOUT_RETURN_TYPE = YES;
				GCC_WARN_UNUSED_VARIABLE = YES;
				IPHONEOS_DEPLOYMENT_TARGET = 4.0;
				PROVISIONING_PROFILE = "68ACFC3F-8844-48AA-A919-832021360623";
				"PROVISIONING_PROFILE[sdk=iphoneos*]" = "68ACFC3F-8844-48AA-A919-832021360623";
				SDKROOT = iphoneos;
			};
			name = Debug;
		};
		590415D413FC19DC00621782 /* Release */ = {
			isa = XCBuildConfiguration;
			buildSettings = {
				ALWAYS_SEARCH_USER_PATHS = NO;
				ARCHS = "$(ARCHS_STANDARD_32_BIT)";
				CODE_SIGN_IDENTITY = "iPhone Distribution: James Snee";
				"CODE_SIGN_IDENTITY[sdk=iphoneos*]" = "iPhone Distribution: James Snee";
				COPY_PHASE_STRIP = YES;
				GCC_C_LANGUAGE_STANDARD = gnu99;
				GCC_VERSION = com.apple.compilers.llvmgcc42;
				GCC_WARN_ABOUT_MISSING_PROTOTYPES = YES;
				GCC_WARN_ABOUT_RETURN_TYPE = YES;
				GCC_WARN_UNUSED_VARIABLE = YES;
				IPHONEOS_DEPLOYMENT_TARGET = 4.0;
				OTHER_CFLAGS = "-DNS_BLOCK_ASSERTIONS=1";
				PROVISIONING_PROFILE = "3782BAD9-4775-4BC4-BBD6-133C65723F82";
				"PROVISIONING_PROFILE[sdk=iphoneos*]" = "3782BAD9-4775-4BC4-BBD6-133C65723F82";
				SDKROOT = iphoneos;
				VALIDATE_PRODUCT = YES;
			};
			name = Release;
		};
		590415D613FC19DC00621782 /* Debug */ = {
			isa = XCBuildConfiguration;
			buildSettings = {
				CODE_SIGN_IDENTITY = "iPhone Developer: James Snee (UZF6782G72)";
				"CODE_SIGN_IDENTITY[sdk=iphoneos*]" = "iPhone Developer: James Snee (UZF6782G72)";
				GCC_PRECOMPILE_PREFIX_HEADER = YES;
				GCC_PREFIX_HEADER = "Cambridge Library Search/Cambridge Library Search-Prefix.pch";
				INFOPLIST_FILE = "Cambridge Library Search/Cambridge Library Search-Info.plist";
				IPHONEOS_DEPLOYMENT_TARGET = 4.0;
				PRODUCT_NAME = "$(TARGET_NAME)";
				PROVISIONING_PROFILE = "68ACFC3F-8844-48AA-A919-832021360623";
				"PROVISIONING_PROFILE[sdk=iphoneos*]" = "68ACFC3F-8844-48AA-A919-832021360623";
				SDKROOT = iphoneos;
				WRAPPER_EXTENSION = app;
			};
			name = Debug;
		};
		590415D713FC19DC00621782 /* Release */ = {
			isa = XCBuildConfiguration;
			buildSettings = {
				CODE_SIGN_IDENTITY = "iPhone Distribution: James Snee";
				"CODE_SIGN_IDENTITY[sdk=iphoneos*]" = "iPhone Distribution: James Snee";
				GCC_PRECOMPILE_PREFIX_HEADER = YES;
				GCC_PREFIX_HEADER = "Cambridge Library Search/Cambridge Library Search-Prefix.pch";
				INFOPLIST_FILE = "Cambridge Library Search/Cambridge Library Search-Info.plist";
				IPHONEOS_DEPLOYMENT_TARGET = 4.0;
				PRODUCT_NAME = "$(TARGET_NAME)";
				PROVISIONING_PROFILE = "3782BAD9-4775-4BC4-BBD6-133C65723F82";
				"PROVISIONING_PROFILE[sdk=iphoneos*]" = "3782BAD9-4775-4BC4-BBD6-133C65723F82";
				SDKROOT = iphoneos;
				WRAPPER_EXTENSION = app;
			};
			name = Release;
		};
		590415D913FC19DC00621782 /* Debug */ = {
			isa = XCBuildConfiguration;
			buildSettings = {
				BUNDLE_LOADER = "$(BUILT_PRODUCTS_DIR)/Cambridge Library Search.app/Cambridge Library Search";
				FRAMEWORK_SEARCH_PATHS = (
					"$(SDKROOT)/Developer/Library/Frameworks",
					"$(DEVELOPER_LIBRARY_DIR)/Frameworks",
				);
				GCC_PRECOMPILE_PREFIX_HEADER = YES;
				GCC_PREFIX_HEADER = "Cambridge Library Search/Cambridge Library Search-Prefix.pch";
				INFOPLIST_FILE = "Cambridge Library SearchTests/Cambridge Library SearchTests-Info.plist";
				PRODUCT_NAME = "$(TARGET_NAME)";
				TEST_HOST = "$(BUNDLE_LOADER)";
				WRAPPER_EXTENSION = octest;
			};
			name = Debug;
		};
		590415DA13FC19DC00621782 /* Release */ = {
			isa = XCBuildConfiguration;
			buildSettings = {
				BUNDLE_LOADER = "$(BUILT_PRODUCTS_DIR)/Cambridge Library Search.app/Cambridge Library Search";
				FRAMEWORK_SEARCH_PATHS = (
					"$(SDKROOT)/Developer/Library/Frameworks",
					"$(DEVELOPER_LIBRARY_DIR)/Frameworks",
				);
				GCC_PRECOMPILE_PREFIX_HEADER = YES;
				GCC_PREFIX_HEADER = "Cambridge Library Search/Cambridge Library Search-Prefix.pch";
				INFOPLIST_FILE = "Cambridge Library SearchTests/Cambridge Library SearchTests-Info.plist";
				PRODUCT_NAME = "$(TARGET_NAME)";
				TEST_HOST = "$(BUNDLE_LOADER)";
				WRAPPER_EXTENSION = octest;
			};
			name = Release;
		};
/* End XCBuildConfiguration section */

/* Begin XCConfigurationList section */
		5904159713FC19DB00621782 /* Build configuration list for PBXProject "Cambridge Library Search" */ = {
			isa = XCConfigurationList;
			buildConfigurations = (
				590415D313FC19DC00621782 /* Debug */,
				590415D413FC19DC00621782 /* Release */,
			);
			defaultConfigurationIsVisible = 0;
			defaultConfigurationName = Release;
		};
		590415D513FC19DC00621782 /* Build configuration list for PBXNativeTarget "Cambridge Library Search" */ = {
			isa = XCConfigurationList;
			buildConfigurations = (
				590415D613FC19DC00621782 /* Debug */,
				590415D713FC19DC00621782 /* Release */,
			);
			defaultConfigurationIsVisible = 0;
			defaultConfigurationName = Release;
		};
		590415D813FC19DC00621782 /* Build configuration list for PBXNativeTarget "Cambridge Library SearchTests" */ = {
			isa = XCConfigurationList;
			buildConfigurations = (
				590415D913FC19DC00621782 /* Debug */,
				590415DA13FC19DC00621782 /* Release */,
			);
			defaultConfigurationIsVisible = 0;
			defaultConfigurationName = Release;
		};
/* End XCConfigurationList section */
	};
	rootObject = 5904159413FC19DB00621782 /* Project object */;
}
